
Microsoft Visual Studio Solution File, Format Version 12.00
# Visual Studio Version 17
VisualStudioVersion = 17.4.33205.214
MinimumVisualStudioVersion = 10.0.40219.1
Project("{FAE04EC0-301F-11D3-BF4B-00C04F79EFBC}") = "May2024TurnUpPortal", "May2024TurnUpPortal.csproj", "{C3211F5D-4562-4893-BDF0-AB23801AF9DB}"
EndProject
Global
	GlobalSection(SolutionConfigurationPlatforms) = preSolution
		Debug|Any CPU = Debug|Any CPU
		Release|Any CPU = Release|Any CPU
	EndGlobalSection
	GlobalSection(ProjectConfigurationPlatforms) = postSolution
		{C3211F5D-4562-4893-BDF0-AB23801AF9DB}.Debug|Any CPU.ActiveCfg = Debug|Any CPU
		{C3211F5D-4562-4893-BDF0-AB23801AF9DB}.Debug|Any CPU.Build.0 = Debug|Any CPU
		{C3211F5D-4562-4893-BDF0-AB23801AF9DB}.Release|Any CPU.ActiveCfg = Release|Any CPU
		{C3211F5D-4562-4893-BDF0-AB23801AF9DB}.Release|Any CPU.Build.0 = Release|Any CPU
	EndGlobalSection
	GlobalSection(SolutionProperties) = preSolution
		HideSolutionNode = FALSE
	EndGlobalSection
	GlobalSection(ExtensibilityGlobals) = postSolution
		SolutionGuid = {D0AEF805-9928-433A-91C7-9867996A79C1}
	EndGlobalSection
EndGlobal
